schema: '2.0'
stages:
  data_ingestion:
    cmd: python src/data/data_ingestion.py
    deps:
    - path: src/data/data_ingestion.py
      hash: md5
      md5: 882ba109858f9de5f819ffb25f613250
      size: 4294
    params:
      params.yaml:
        data_ingestion.random_variable: 42
        data_ingestion.test_size: 0.2
    outs:
    - path: data/raw/test.csv
      hash: md5
      md5: ea97ba82a4a25627bf4ffb52572484ea
      size: 1348612
    - path: data/raw/train.csv
      hash: md5
      md5: 1bd422dd6d135bced1d6c64a3e84a45d
      size: 5571089
  data_preprocessing:
    cmd: python src/data/data_preprocessing.py
    deps:
    - path: data/raw/test.csv
      hash: md5
      md5: ea97ba82a4a25627bf4ffb52572484ea
      size: 1348612
    - path: data/raw/train.csv
      hash: md5
      md5: 1bd422dd6d135bced1d6c64a3e84a45d
      size: 5571089
    - path: src/data/data_preprocessing.py
      hash: md5
      md5: 72ab680d346fb2c6543130ac26f90dd4
      size: 3856
    outs:
    - path: data/interim/test_processed.csv
      hash: md5
      md5: 4f30375397ec89fead1745ee6d70f201
      size: 1000526
    - path: data/interim/train_processed.csv
      hash: md5
      md5: 35027dfda8274bd9356544f2ff358aa4
      size: 4134324
  model_building:
    cmd: python src/model/model_building.py
    deps:
    - path: data/interim/train_processed.csv
      hash: md5
      md5: 35027dfda8274bd9356544f2ff358aa4
      size: 4134324
    - path: src/model/model_building.py
      hash: md5
      md5: 3df6d1ac6c6e22ff9f19df8dbe39bc65
      size: 5662
    params:
      params.yaml:
        model_building.learning_rate: 0.05
        model_building.max_depth: 10
        model_building.max_features: 13000
        model_building.n_estimators: 100
        model_building.ngram_range:
        - 1
        - 1
    outs:
    - path: lgbm_model.pkl
      hash: md5
      md5: 2a1dcc9f6dbcd9c752622a224ec76c3c
      size: 1312945
    - path: tfidf_vectorizer.pkl
      hash: md5
      md5: 2c73a5643bf5f9a1f94186afaaefc1db
      size: 478445
  model_evaluation:
    cmd: python src/model/model_evaluation.py
    deps:
    - path: data/interim/test_processed.csv
      hash: md5
      md5: 4f30375397ec89fead1745ee6d70f201
      size: 1000526
    - path: lgbm_model.pkl
      hash: md5
      md5: 2a1dcc9f6dbcd9c752622a224ec76c3c
      size: 1312945
    - path: src/model/model_evaluation.py
      hash: md5
      md5: 1d538c8adcf6fbf4988387b2b519dec6
      size: 7874
    - path: tfidf_vectorizer.pkl
      hash: md5
      md5: 2c73a5643bf5f9a1f94186afaaefc1db
      size: 478445
  model_register:
    cmd: python src/model/register_model.py
    deps:
    - path: lgbm_model.pkl
      hash: md5
      md5: 2a1dcc9f6dbcd9c752622a224ec76c3c
      size: 1312945
    - path: src/model/register_model.py
      hash: md5
      md5: ddcaaee56255aa5a786886454ce083bb
      size: 3560
    - path: tfidf_vectorizer.pkl
      hash: md5
      md5: 2c73a5643bf5f9a1f94186afaaefc1db
      size: 478445
