schema: '2.0'
stages:
  data_ingestion:
    cmd: python src/data/data_ingestion.py
    deps:
    - path: src/data/data_ingestion.py
      hash: md5
      md5: 882ba109858f9de5f819ffb25f613250
      size: 4294
    params:
      params.yaml:
        data_ingestion.random_variable: 42
        data_ingestion.test_size: 0.2
    outs:
    - path: data/raw/test.csv
      hash: md5
      md5: 295b88d81555e67a857db0337244e118
      size: 1341252
    - path: data/raw/train.csv
      hash: md5
      md5: 70faef66e6135c49f7f02db4a55e9fdd
      size: 5541654
  data_preprocessing:
    cmd: python src/data/data_preprocessing.py
    deps:
    - path: data/raw/test.csv
      hash: md5
      md5: 295b88d81555e67a857db0337244e118
      size: 1341252
    - path: data/raw/train.csv
      hash: md5
      md5: 70faef66e6135c49f7f02db4a55e9fdd
      size: 5541654
    - path: src/data/data_preprocessing.py
      hash: md5
      md5: 72ab680d346fb2c6543130ac26f90dd4
      size: 3856
    outs:
    - path: data/interim/test_processed.csv
      hash: md5
      md5: 2ae52005e2914f3503f126c5517c049d
      size: 992728
    - path: data/interim/train_processed.csv
      hash: md5
      md5: dda0bc512b79e45ffac20114f356bdc1
      size: 4103205
  model_building:
    cmd: python src/model/model_building.py
    deps:
    - path: data/interim/train_processed.csv
      hash: md5
      md5: dda0bc512b79e45ffac20114f356bdc1
      size: 4103205
    - path: src/model/model_building.py
      hash: md5
      md5: 3df6d1ac6c6e22ff9f19df8dbe39bc65
      size: 5662
    params:
      params.yaml:
        model_building.learning_rate: 0.05
        model_building.max_depth: 10
        model_building.max_features: 13000
        model_building.n_estimators: 100
        model_building.ngram_range:
        - 1
        - 1
    outs:
    - path: lgbm_model.pkl
      hash: md5
      md5: d94df5fd86dbd50612a1c465aee82533
      size: 1306467
    - path: tfidf_vectorizer.pkl
      hash: md5
      md5: 55c16996eaf816f46f39d45a69ec0deb
      size: 478212
  model_evaluation:
    cmd: python src/model/model_evaluation.py
    deps:
    - path: data/interim/test_processed.csv
      hash: md5
      md5: 2ae52005e2914f3503f126c5517c049d
      size: 992728
    - path: lgbm_model.pkl
      hash: md5
      md5: d94df5fd86dbd50612a1c465aee82533
      size: 1306467
    - path: src/model/model_evaluation.py
      hash: md5
      md5: 1d538c8adcf6fbf4988387b2b519dec6
      size: 7874
    - path: tfidf_vectorizer.pkl
      hash: md5
      md5: 55c16996eaf816f46f39d45a69ec0deb
      size: 478212
  model_register:
    cmd: python src/model/register_model.py
    deps:
    - path: lgbm_model.pkl
      hash: md5
      md5: d94df5fd86dbd50612a1c465aee82533
      size: 1306467
    - path: src/model/register_model.py
      hash: md5
      md5: bdb93d8af681c2a58a4b22b227c77513
      size: 3622
    - path: tfidf_vectorizer.pkl
      hash: md5
      md5: 55c16996eaf816f46f39d45a69ec0deb
      size: 478212
